
Microsoft Visual Studio Solution File, Format Version 12.00
# Visual Studio 14
VisualStudioVersion = 14.0.25123.0
MinimumVisualStudioVersion = 10.0.40219.1
Project("{FAE04EC0-301F-11D3-BF4B-00C04F79EFBC}") = "Solver", "Solver\Solver.csproj", "{EA7006E6-7884-4104-B4DF-DB06721498A6}"
EndProject
Project("{FAE04EC0-301F-11D3-BF4B-00C04F79EFBC}") = "MySolver", "MySolver\MySolver.csproj", "{49AE50D2-7027-45EE-8DD7-682A70586EC7}"
EndProject
Project("{FAE04EC0-301F-11D3-BF4B-00C04F79EFBC}") = "MySolver.Tests", "MySolver.Tests\MySolver.Tests.csproj", "{A1E72C33-91C7-4CAE-AEB7-8A055D2E6931}"
EndProject
Project("{FAE04EC0-301F-11D3-BF4B-00C04F79EFBC}") = "NugetStore", "NugetStore\NugetStore.csproj", "{F2E569FD-0636-46E5-9F11-9C4DCA043271}"
EndProject
Project("{2150E333-8FDC-42A3-9474-1A3956D46DE8}") = "Solution Items", "Solution Items", "{414E91D1-8000-4181-AF62-DD9942268630}"
	ProjectSection(SolutionItems) = preProject
		.gitignore = .gitignore
		README.md = README.md
	EndProjectSection
EndProject
Global
	GlobalSection(SolutionConfigurationPlatforms) = preSolution
		Debug|Any CPU = Debug|Any CPU
		Release|Any CPU = Release|Any CPU
	EndGlobalSection
	GlobalSection(ProjectConfigurationPlatforms) = postSolution
		{EA7006E6-7884-4104-B4DF-DB06721498A6}.Debug|Any CPU.ActiveCfg = Debug|Any CPU
		{EA7006E6-7884-4104-B4DF-DB06721498A6}.Release|Any CPU.ActiveCfg = Release|Any CPU
		{EA7006E6-7884-4104-B4DF-DB06721498A6}.Release|Any CPU.Build.0 = Release|Any CPU
		{49AE50D2-7027-45EE-8DD7-682A70586EC7}.Debug|Any CPU.ActiveCfg = Debug|Any CPU
		{49AE50D2-7027-45EE-8DD7-682A70586EC7}.Debug|Any CPU.Build.0 = Debug|Any CPU
		{49AE50D2-7027-45EE-8DD7-682A70586EC7}.Release|Any CPU.ActiveCfg = Release|Any CPU
		{49AE50D2-7027-45EE-8DD7-682A70586EC7}.Release|Any CPU.Build.0 = Release|Any CPU
		{A1E72C33-91C7-4CAE-AEB7-8A055D2E6931}.Debug|Any CPU.ActiveCfg = Debug|Any CPU
		{A1E72C33-91C7-4CAE-AEB7-8A055D2E6931}.Debug|Any CPU.Build.0 = Debug|Any CPU
		{A1E72C33-91C7-4CAE-AEB7-8A055D2E6931}.Release|Any CPU.ActiveCfg = Release|Any CPU
		{A1E72C33-91C7-4CAE-AEB7-8A055D2E6931}.Release|Any CPU.Build.0 = Release|Any CPU
		{F2E569FD-0636-46E5-9F11-9C4DCA043271}.Debug|Any CPU.ActiveCfg = Debug|Any CPU
		{F2E569FD-0636-46E5-9F11-9C4DCA043271}.Debug|Any CPU.Build.0 = Debug|Any CPU
		{F2E569FD-0636-46E5-9F11-9C4DCA043271}.Release|Any CPU.ActiveCfg = Release|Any CPU
		{F2E569FD-0636-46E5-9F11-9C4DCA043271}.Release|Any CPU.Build.0 = Release|Any CPU
	EndGlobalSection
	GlobalSection(SolutionProperties) = preSolution
		HideSolutionNode = FALSE
	EndGlobalSection
EndGlobal
